
Microsoft Visual Studio Solution File, Format Version 12.00
# Visual Studio Version 17
VisualStudioVersion = 17.7.34202.233
MinimumVisualStudioVersion = 10.0.40219.1
Project("{9A19103F-16F7-4668-BE54-9A1E7A4F7556}") = "Artkeeper WPF", "Artkeeper WPF\Artkeeper WPF.csproj", "{8ED406B9-B1E7-4855-9C4C-5FEF86FCC7AF}"
EndProject
Global
	GlobalSection(SolutionConfigurationPlatforms) = preSolution
		Debug|Any CPU = Debug|Any CPU
		Release|Any CPU = Release|Any CPU
	EndGlobalSection
	GlobalSection(ProjectConfigurationPlatforms) = postSolution
		{8ED406B9-B1E7-4855-9C4C-5FEF86FCC7AF}.Debug|Any CPU.ActiveCfg = Release|Any CPU
		{8ED406B9-B1E7-4855-9C4C-5FEF86FCC7AF}.Debug|Any CPU.Build.0 = Release|Any CPU
		{8ED406B9-B1E7-4855-9C4C-5FEF86FCC7AF}.Release|Any CPU.ActiveCfg = Release|Any CPU
		{8ED406B9-B1E7-4855-9C4C-5FEF86FCC7AF}.Release|Any CPU.Build.0 = Release|Any CPU
	EndGlobalSection
	GlobalSection(SolutionProperties) = preSolution
		HideSolutionNode = FALSE
	EndGlobalSection
	GlobalSection(ExtensibilityGlobals) = postSolution
		SolutionGuid = {F37E241A-BD64-4700-951C-B883AA8F1D14}
	EndGlobalSection
EndGlobal
