
Microsoft Visual Studio Solution File, Format Version 12.00
# Visual Studio Version 17
VisualStudioVersion = 17.7.34202.233
MinimumVisualStudioVersion = 10.0.40219.1
Project("{9A19103F-16F7-4668-BE54-9A1E7A4F7556}") = "Artkeeper", "Artkeeper\Artkeeper.csproj", "{AB341F7B-6796-47D6-B571-5394C4DA3001}"
EndProject
Global
	GlobalSection(SolutionConfigurationPlatforms) = preSolution
		Debug|Any CPU = Debug|Any CPU
		Release|Any CPU = Release|Any CPU
	EndGlobalSection
	GlobalSection(ProjectConfigurationPlatforms) = postSolution
		{AB341F7B-6796-47D6-B571-5394C4DA3001}.Debug|Any CPU.ActiveCfg = Debug|Any CPU
		{AB341F7B-6796-47D6-B571-5394C4DA3001}.Debug|Any CPU.Build.0 = Debug|Any CPU
		{AB341F7B-6796-47D6-B571-5394C4DA3001}.Release|Any CPU.ActiveCfg = Release|Any CPU
		{AB341F7B-6796-47D6-B571-5394C4DA3001}.Release|Any CPU.Build.0 = Release|Any CPU
	EndGlobalSection
	GlobalSection(SolutionProperties) = preSolution
		HideSolutionNode = FALSE
	EndGlobalSection
	GlobalSection(ExtensibilityGlobals) = postSolution
		SolutionGuid = {CD4691AA-845F-4865-B6C2-D8AA1B26D8AF}
	EndGlobalSection
EndGlobal
